
Microsoft Visual Studio Solution File, Format Version 12.00
# Visual Studio Version 16
VisualStudioVersion = 16.0.29424.173
MinimumVisualStudioVersion = 10.0.40219.1
Project("{FAE04EC0-301F-11D3-BF4B-00C04F79EFBC}") = "armtemplatetest", "armtemplatetest\armtemplatetest.csproj", "{BE71E71A-23FB-4CBC-90B1-131BE0390AAF}"
EndProject
Global
	GlobalSection(SolutionConfigurationPlatforms) = preSolution
		Debug|Any CPU = Debug|Any CPU
		Release|Any CPU = Release|Any CPU
	EndGlobalSection
	GlobalSection(ProjectConfigurationPlatforms) = postSolution
		{BE71E71A-23FB-4CBC-90B1-131BE0390AAF}.Debug|Any CPU.ActiveCfg = Debug|Any CPU
		{BE71E71A-23FB-4CBC-90B1-131BE0390AAF}.Debug|Any CPU.Build.0 = Debug|Any CPU
		{BE71E71A-23FB-4CBC-90B1-131BE0390AAF}.Release|Any CPU.ActiveCfg = Release|Any CPU
		{BE71E71A-23FB-4CBC-90B1-131BE0390AAF}.Release|Any CPU.Build.0 = Release|Any CPU
	EndGlobalSection
	GlobalSection(SolutionProperties) = preSolution
		HideSolutionNode = FALSE
	EndGlobalSection
	GlobalSection(ExtensibilityGlobals) = postSolution
		SolutionGuid = {3EB493A2-B1CA-4948-8AE3-C4FDF44AF2F3}
	EndGlobalSection
EndGlobal
